
Microsoft Visual Studio Solution File, Format Version 12.00
Project("{FAE04EC0-301F-11D3-BF4B-00C04F79EFBC}") = "ONI-ModInfo-Task", "ONI-ModInfo-Task\ONI-ModInfo-Task.csproj", "{9EE1F1F3-54C0-47CD-AEC1-013484CDD530}"
EndProject
Project("{FAE04EC0-301F-11D3-BF4B-00C04F79EFBC}") = "Example", "Example\Example.csproj", "{858C3618-4626-4995-8BBD-C3EB32CFF623}"
EndProject
Project("{FAE04EC0-301F-11D3-BF4B-00C04F79EFBC}") = "Runner", "Runner\Runner.csproj", "{6E64AF8E-FCB4-4364-9B11-507604109A82}"
EndProject
Global
	GlobalSection(SolutionConfigurationPlatforms) = preSolution
		Debug|Any CPU = Debug|Any CPU
		Release|Any CPU = Release|Any CPU
	EndGlobalSection
	GlobalSection(ProjectConfigurationPlatforms) = postSolution
		{9EE1F1F3-54C0-47CD-AEC1-013484CDD530}.Debug|Any CPU.ActiveCfg = Debug|Any CPU
		{9EE1F1F3-54C0-47CD-AEC1-013484CDD530}.Debug|Any CPU.Build.0 = Debug|Any CPU
		{9EE1F1F3-54C0-47CD-AEC1-013484CDD530}.Release|Any CPU.ActiveCfg = Release|Any CPU
		{9EE1F1F3-54C0-47CD-AEC1-013484CDD530}.Release|Any CPU.Build.0 = Release|Any CPU
		{858C3618-4626-4995-8BBD-C3EB32CFF623}.Debug|Any CPU.ActiveCfg = Debug|Any CPU
		{858C3618-4626-4995-8BBD-C3EB32CFF623}.Debug|Any CPU.Build.0 = Debug|Any CPU
		{858C3618-4626-4995-8BBD-C3EB32CFF623}.Release|Any CPU.ActiveCfg = Release|Any CPU
		{858C3618-4626-4995-8BBD-C3EB32CFF623}.Release|Any CPU.Build.0 = Release|Any CPU
		{6E64AF8E-FCB4-4364-9B11-507604109A82}.Debug|Any CPU.ActiveCfg = Debug|Any CPU
		{6E64AF8E-FCB4-4364-9B11-507604109A82}.Debug|Any CPU.Build.0 = Debug|Any CPU
		{6E64AF8E-FCB4-4364-9B11-507604109A82}.Release|Any CPU.ActiveCfg = Release|Any CPU
		{6E64AF8E-FCB4-4364-9B11-507604109A82}.Release|Any CPU.Build.0 = Release|Any CPU
	EndGlobalSection
EndGlobal
